
Microsoft Visual Studio Solution File, Format Version 11.00
# Visual Studio 2010
Project("{FAE04EC0-301F-11D3-BF4B-00C04F79EFBC}") = "Logic", "HelpmateManagerSystem\Logic\Logic.csproj", "{9EF40FDA-C7CE-487F-926B-AFAFAE45A562}"
EndProject
Project("{FAE04EC0-301F-11D3-BF4B-00C04F79EFBC}") = "DataAccess", "HelpmateManagerSystem\DataAccess\DataAccess.csproj", "{4B00E19F-42A1-4F5A-BC7E-DC9D4D4D333A}"
EndProject
Project("{FAE04EC0-301F-11D3-BF4B-00C04F79EFBC}") = "DataEntity", "HelpmateManagerSystem\DataEntity\DataEntity.csproj", "{A986DD3A-E33E-4A78-BA7B-05E8A244D2DD}"
EndProject
Project("{FAE04EC0-301F-11D3-BF4B-00C04F79EFBC}") = "UnitTest", "HelpmateManagerSystem\UnitTest\UnitTest.csproj", "{593A8A56-F58C-40E7-A4CE-D998B96A1AE6}"
EndProject
Project("{FAE04EC0-301F-11D3-BF4B-00C04F79EFBC}") = "WebUI", "HelpmateManagerSystem\WebUI\WebUI.csproj", "{1BE20EE9-8139-4CF5-9903-F6500A845E16}"
EndProject
Project("{2150E333-8FDC-42A3-9474-1A3956D46DE8}") = "Solution Items", "Solution Items", "{A7873E2A-A4DE-495D-A317-C17A13458606}"
	ProjectSection(SolutionItems) = preProject
		HelpmateManagerSystem.vsmdi = HelpmateManagerSystem.vsmdi
		Local.testsettings = Local.testsettings
		TraceAndTestImpact.testsettings = TraceAndTestImpact.testsettings
	EndProjectSection
EndProject
Global
	GlobalSection(TestCaseManagementSettings) = postSolution
		CategoryFile = HelpmateManagerSystem.vsmdi
	EndGlobalSection
	GlobalSection(SolutionConfigurationPlatforms) = preSolution
		Debug|Any CPU = Debug|Any CPU
		Release|Any CPU = Release|Any CPU
	EndGlobalSection
	GlobalSection(ProjectConfigurationPlatforms) = postSolution
		{9EF40FDA-C7CE-487F-926B-AFAFAE45A562}.Debug|Any CPU.ActiveCfg = Debug|Any CPU
		{9EF40FDA-C7CE-487F-926B-AFAFAE45A562}.Debug|Any CPU.Build.0 = Debug|Any CPU
		{9EF40FDA-C7CE-487F-926B-AFAFAE45A562}.Release|Any CPU.ActiveCfg = Release|Any CPU
		{9EF40FDA-C7CE-487F-926B-AFAFAE45A562}.Release|Any CPU.Build.0 = Release|Any CPU
		{4B00E19F-42A1-4F5A-BC7E-DC9D4D4D333A}.Debug|Any CPU.ActiveCfg = Debug|Any CPU
		{4B00E19F-42A1-4F5A-BC7E-DC9D4D4D333A}.Debug|Any CPU.Build.0 = Debug|Any CPU
		{4B00E19F-42A1-4F5A-BC7E-DC9D4D4D333A}.Release|Any CPU.ActiveCfg = Release|Any CPU
		{4B00E19F-42A1-4F5A-BC7E-DC9D4D4D333A}.Release|Any CPU.Build.0 = Release|Any CPU
		{A986DD3A-E33E-4A78-BA7B-05E8A244D2DD}.Debug|Any CPU.ActiveCfg = Debug|Any CPU
		{A986DD3A-E33E-4A78-BA7B-05E8A244D2DD}.Debug|Any CPU.Build.0 = Debug|Any CPU
		{A986DD3A-E33E-4A78-BA7B-05E8A244D2DD}.Release|Any CPU.ActiveCfg = Release|Any CPU
		{A986DD3A-E33E-4A78-BA7B-05E8A244D2DD}.Release|Any CPU.Build.0 = Release|Any CPU
		{593A8A56-F58C-40E7-A4CE-D998B96A1AE6}.Debug|Any CPU.ActiveCfg = Debug|Any CPU
		{593A8A56-F58C-40E7-A4CE-D998B96A1AE6}.Debug|Any CPU.Build.0 = Debug|Any CPU
		{593A8A56-F58C-40E7-A4CE-D998B96A1AE6}.Release|Any CPU.ActiveCfg = Release|Any CPU
		{593A8A56-F58C-40E7-A4CE-D998B96A1AE6}.Release|Any CPU.Build.0 = Release|Any CPU
		{1BE20EE9-8139-4CF5-9903-F6500A845E16}.Debug|Any CPU.ActiveCfg = Debug|Any CPU
		{1BE20EE9-8139-4CF5-9903-F6500A845E16}.Debug|Any CPU.Build.0 = Debug|Any CPU
		{1BE20EE9-8139-4CF5-9903-F6500A845E16}.Release|Any CPU.ActiveCfg = Release|Any CPU
		{1BE20EE9-8139-4CF5-9903-F6500A845E16}.Release|Any CPU.Build.0 = Release|Any CPU
	EndGlobalSection
	GlobalSection(SolutionProperties) = preSolution
		HideSolutionNode = FALSE
	EndGlobalSection
EndGlobal
