
Microsoft Visual Studio Solution File, Format Version 11.00
# Visual Studio 2010
Project("{2150E333-8FDC-42A3-9474-1A3956D46DE8}") = "Helpmate28.WebService", "Helpmate28.WebService", "{A5603DEF-7FC2-48AF-8B73-D7F0AA4A7861}"
EndProject
Project("{2150E333-8FDC-42A3-9474-1A3956D46DE8}") = "Helpmate28.App", "Helpmate28.App", "{981D8FBD-AAF2-4653-AC7D-849CF6290D96}"
EndProject
Global
	GlobalSection(SolutionProperties) = preSolution
		HideSolutionNode = FALSE
	EndGlobalSection
EndGlobal
