
Microsoft Visual Studio Solution File, Format Version 11.00
# Visual Studio 2010
Project("{2150E333-8FDC-42A3-9474-1A3956D46DE8}") = "01_Service", "01_Service", "{5E061F4C-DF2B-4A88-8731-48F0075AD567}"
EndProject
Project("{2150E333-8FDC-42A3-9474-1A3956D46DE8}") = "02_Logic", "02_Logic", "{D48DF839-DA0F-468A-B68F-7B5E66180F60}"
EndProject
Project("{2150E333-8FDC-42A3-9474-1A3956D46DE8}") = "03_DataAccess", "03_DataAccess", "{C3B9E129-0FD9-478A-8D74-B4CE176F9D98}"
EndProject
Project("{2150E333-8FDC-42A3-9474-1A3956D46DE8}") = "04_Utility", "04_Utility", "{1AFA5467-9875-431D-AA67-4138CCA5C08A}"
EndProject
Project("{FAE04EC0-301F-11D3-BF4B-00C04F79EFBC}") = "Helpmate.DataService.Beijing", "01_Service\Helpmate.DataService.Beijing\Helpmate.DataService.Beijing.csproj", "{48696A1E-CBDB-4914-9361-2FDB99862A68}"
EndProject
Project("{FAE04EC0-301F-11D3-BF4B-00C04F79EFBC}") = "Helpmate.DataService.Canada", "01_Service\Helpmate.DataService.Canada\Helpmate.DataService.Canada.csproj", "{D355E3D3-2DD9-4CEC-96CA-A328072ECA4B}"
EndProject
Project("{FAE04EC0-301F-11D3-BF4B-00C04F79EFBC}") = "Helpmate.DataService.Logic", "02_Logic\Helpmate.DataService.Logic\Helpmate.DataService.Logic.csproj", "{597E4230-30DE-4C6E-B3F1-EFFE9C1AC893}"
EndProject
Project("{FAE04EC0-301F-11D3-BF4B-00C04F79EFBC}") = "Helpmate.DataService.Utility", "04_Utility\Helpmate.DataService.Utility\Helpmate.DataService.Utility.csproj", "{78994498-2835-4C8D-91FF-1C4C4322AA95}"
EndProject
Project("{FAE04EC0-301F-11D3-BF4B-00C04F79EFBC}") = "Helpmate.DataService.Entity", "02_Logic\Helpmate.DataService.Entity\Helpmate.DataService.Entity.csproj", "{16712E09-B571-4423-9361-D29A5FAFE850}"
EndProject
Project("{FAE04EC0-301F-11D3-BF4B-00C04F79EFBC}") = "Helpmate.DataService.DataAccess", "03_DataAccess\Helpmate.DataService.DataAccess\Helpmate.DataService.DataAccess.csproj", "{0EF7B8FC-0E08-4569-B301-2BE72ABBDEC7}"
EndProject
Global
	GlobalSection(SolutionConfigurationPlatforms) = preSolution
		Debug|Any CPU = Debug|Any CPU
		Debug|Mixed Platforms = Debug|Mixed Platforms
		Debug|x86 = Debug|x86
		Release|Any CPU = Release|Any CPU
		Release|Mixed Platforms = Release|Mixed Platforms
		Release|x86 = Release|x86
	EndGlobalSection
	GlobalSection(ProjectConfigurationPlatforms) = postSolution
		{48696A1E-CBDB-4914-9361-2FDB99862A68}.Debug|Any CPU.ActiveCfg = Debug|x86
		{48696A1E-CBDB-4914-9361-2FDB99862A68}.Debug|Mixed Platforms.ActiveCfg = Debug|x86
		{48696A1E-CBDB-4914-9361-2FDB99862A68}.Debug|Mixed Platforms.Build.0 = Debug|x86
		{48696A1E-CBDB-4914-9361-2FDB99862A68}.Debug|x86.ActiveCfg = Debug|x86
		{48696A1E-CBDB-4914-9361-2FDB99862A68}.Debug|x86.Build.0 = Debug|x86
		{48696A1E-CBDB-4914-9361-2FDB99862A68}.Release|Any CPU.ActiveCfg = Release|x86
		{48696A1E-CBDB-4914-9361-2FDB99862A68}.Release|Mixed Platforms.ActiveCfg = Release|x86
		{48696A1E-CBDB-4914-9361-2FDB99862A68}.Release|Mixed Platforms.Build.0 = Release|x86
		{48696A1E-CBDB-4914-9361-2FDB99862A68}.Release|x86.ActiveCfg = Release|x86
		{48696A1E-CBDB-4914-9361-2FDB99862A68}.Release|x86.Build.0 = Release|x86
		{D355E3D3-2DD9-4CEC-96CA-A328072ECA4B}.Debug|Any CPU.ActiveCfg = Debug|x86
		{D355E3D3-2DD9-4CEC-96CA-A328072ECA4B}.Debug|Mixed Platforms.ActiveCfg = Debug|x86
		{D355E3D3-2DD9-4CEC-96CA-A328072ECA4B}.Debug|Mixed Platforms.Build.0 = Debug|x86
		{D355E3D3-2DD9-4CEC-96CA-A328072ECA4B}.Debug|x86.ActiveCfg = Debug|x86
		{D355E3D3-2DD9-4CEC-96CA-A328072ECA4B}.Debug|x86.Build.0 = Debug|x86
		{D355E3D3-2DD9-4CEC-96CA-A328072ECA4B}.Release|Any CPU.ActiveCfg = Release|x86
		{D355E3D3-2DD9-4CEC-96CA-A328072ECA4B}.Release|Mixed Platforms.ActiveCfg = Release|x86
		{D355E3D3-2DD9-4CEC-96CA-A328072ECA4B}.Release|Mixed Platforms.Build.0 = Release|x86
		{D355E3D3-2DD9-4CEC-96CA-A328072ECA4B}.Release|x86.ActiveCfg = Release|x86
		{D355E3D3-2DD9-4CEC-96CA-A328072ECA4B}.Release|x86.Build.0 = Release|x86
		{597E4230-30DE-4C6E-B3F1-EFFE9C1AC893}.Debug|Any CPU.ActiveCfg = Debug|Any CPU
		{597E4230-30DE-4C6E-B3F1-EFFE9C1AC893}.Debug|Any CPU.Build.0 = Debug|Any CPU
		{597E4230-30DE-4C6E-B3F1-EFFE9C1AC893}.Debug|Mixed Platforms.ActiveCfg = Debug|Any CPU
		{597E4230-30DE-4C6E-B3F1-EFFE9C1AC893}.Debug|Mixed Platforms.Build.0 = Debug|Any CPU
		{597E4230-30DE-4C6E-B3F1-EFFE9C1AC893}.Debug|x86.ActiveCfg = Debug|Any CPU
		{597E4230-30DE-4C6E-B3F1-EFFE9C1AC893}.Release|Any CPU.ActiveCfg = Release|Any CPU
		{597E4230-30DE-4C6E-B3F1-EFFE9C1AC893}.Release|Any CPU.Build.0 = Release|Any CPU
		{597E4230-30DE-4C6E-B3F1-EFFE9C1AC893}.Release|Mixed Platforms.ActiveCfg = Release|Any CPU
		{597E4230-30DE-4C6E-B3F1-EFFE9C1AC893}.Release|Mixed Platforms.Build.0 = Release|Any CPU
		{597E4230-30DE-4C6E-B3F1-EFFE9C1AC893}.Release|x86.ActiveCfg = Release|Any CPU
		{78994498-2835-4C8D-91FF-1C4C4322AA95}.Debug|Any CPU.ActiveCfg = Debug|Any CPU
		{78994498-2835-4C8D-91FF-1C4C4322AA95}.Debug|Any CPU.Build.0 = Debug|Any CPU
		{78994498-2835-4C8D-91FF-1C4C4322AA95}.Debug|Mixed Platforms.ActiveCfg = Debug|Any CPU
		{78994498-2835-4C8D-91FF-1C4C4322AA95}.Debug|Mixed Platforms.Build.0 = Debug|Any CPU
		{78994498-2835-4C8D-91FF-1C4C4322AA95}.Debug|x86.ActiveCfg = Debug|Any CPU
		{78994498-2835-4C8D-91FF-1C4C4322AA95}.Release|Any CPU.ActiveCfg = Release|Any CPU
		{78994498-2835-4C8D-91FF-1C4C4322AA95}.Release|Any CPU.Build.0 = Release|Any CPU
		{78994498-2835-4C8D-91FF-1C4C4322AA95}.Release|Mixed Platforms.ActiveCfg = Release|Any CPU
		{78994498-2835-4C8D-91FF-1C4C4322AA95}.Release|Mixed Platforms.Build.0 = Release|Any CPU
		{78994498-2835-4C8D-91FF-1C4C4322AA95}.Release|x86.ActiveCfg = Release|Any CPU
		{16712E09-B571-4423-9361-D29A5FAFE850}.Debug|Any CPU.ActiveCfg = Debug|Any CPU
		{16712E09-B571-4423-9361-D29A5FAFE850}.Debug|Any CPU.Build.0 = Debug|Any CPU
		{16712E09-B571-4423-9361-D29A5FAFE850}.Debug|Mixed Platforms.ActiveCfg = Debug|Any CPU
		{16712E09-B571-4423-9361-D29A5FAFE850}.Debug|Mixed Platforms.Build.0 = Debug|Any CPU
		{16712E09-B571-4423-9361-D29A5FAFE850}.Debug|x86.ActiveCfg = Debug|Any CPU
		{16712E09-B571-4423-9361-D29A5FAFE850}.Release|Any CPU.ActiveCfg = Release|Any CPU
		{16712E09-B571-4423-9361-D29A5FAFE850}.Release|Any CPU.Build.0 = Release|Any CPU
		{16712E09-B571-4423-9361-D29A5FAFE850}.Release|Mixed Platforms.ActiveCfg = Release|Any CPU
		{16712E09-B571-4423-9361-D29A5FAFE850}.Release|Mixed Platforms.Build.0 = Release|Any CPU
		{16712E09-B571-4423-9361-D29A5FAFE850}.Release|x86.ActiveCfg = Release|Any CPU
		{0EF7B8FC-0E08-4569-B301-2BE72ABBDEC7}.Debug|Any CPU.ActiveCfg = Debug|Any CPU
		{0EF7B8FC-0E08-4569-B301-2BE72ABBDEC7}.Debug|Any CPU.Build.0 = Debug|Any CPU
		{0EF7B8FC-0E08-4569-B301-2BE72ABBDEC7}.Debug|Mixed Platforms.ActiveCfg = Debug|Any CPU
		{0EF7B8FC-0E08-4569-B301-2BE72ABBDEC7}.Debug|Mixed Platforms.Build.0 = Debug|Any CPU
		{0EF7B8FC-0E08-4569-B301-2BE72ABBDEC7}.Debug|x86.ActiveCfg = Debug|Any CPU
		{0EF7B8FC-0E08-4569-B301-2BE72ABBDEC7}.Release|Any CPU.ActiveCfg = Release|Any CPU
		{0EF7B8FC-0E08-4569-B301-2BE72ABBDEC7}.Release|Any CPU.Build.0 = Release|Any CPU
		{0EF7B8FC-0E08-4569-B301-2BE72ABBDEC7}.Release|Mixed Platforms.ActiveCfg = Release|Any CPU
		{0EF7B8FC-0E08-4569-B301-2BE72ABBDEC7}.Release|Mixed Platforms.Build.0 = Release|Any CPU
		{0EF7B8FC-0E08-4569-B301-2BE72ABBDEC7}.Release|x86.ActiveCfg = Release|Any CPU
	EndGlobalSection
	GlobalSection(SolutionProperties) = preSolution
		HideSolutionNode = FALSE
	EndGlobalSection
	GlobalSection(NestedProjects) = preSolution
		{48696A1E-CBDB-4914-9361-2FDB99862A68} = {5E061F4C-DF2B-4A88-8731-48F0075AD567}
		{D355E3D3-2DD9-4CEC-96CA-A328072ECA4B} = {5E061F4C-DF2B-4A88-8731-48F0075AD567}
		{597E4230-30DE-4C6E-B3F1-EFFE9C1AC893} = {D48DF839-DA0F-468A-B68F-7B5E66180F60}
		{16712E09-B571-4423-9361-D29A5FAFE850} = {D48DF839-DA0F-468A-B68F-7B5E66180F60}
		{0EF7B8FC-0E08-4569-B301-2BE72ABBDEC7} = {C3B9E129-0FD9-478A-8D74-B4CE176F9D98}
		{78994498-2835-4C8D-91FF-1C4C4322AA95} = {1AFA5467-9875-431D-AA67-4138CCA5C08A}
	EndGlobalSection
EndGlobal
