
Microsoft Visual Studio Solution File, Format Version 11.00
# Visual Studio 2010
Project("{FAE04EC0-301F-11D3-BF4B-00C04F79EFBC}") = "WebService", "00_WebService\WebService.csproj", "{0060423A-D13A-4A2A-A242-ECF6C744BB3E}"
EndProject
Project("{FAE04EC0-301F-11D3-BF4B-00C04F79EFBC}") = "Business", "10_Business\Business.csproj", "{69541CC6-39AD-47D2-80CC-38A4E9EBD624}"
EndProject
Project("{FAE04EC0-301F-11D3-BF4B-00C04F79EFBC}") = "DataAccess", "20_DataAccess\DataAccess.csproj", "{0C453E46-A6F4-4331-A11D-A37B91E7C001}"
EndProject
Project("{FAE04EC0-301F-11D3-BF4B-00C04F79EFBC}") = "Model", "30_Model\Model.csproj", "{D45BF8FB-C58B-4279-B3EE-29861E8F0DEF}"
EndProject
Global
	GlobalSection(SolutionConfigurationPlatforms) = preSolution
		Debug|Any CPU = Debug|Any CPU
		Release|Any CPU = Release|Any CPU
	EndGlobalSection
	GlobalSection(ProjectConfigurationPlatforms) = postSolution
		{0060423A-D13A-4A2A-A242-ECF6C744BB3E}.Debug|Any CPU.ActiveCfg = Debug|Any CPU
		{0060423A-D13A-4A2A-A242-ECF6C744BB3E}.Debug|Any CPU.Build.0 = Debug|Any CPU
		{0060423A-D13A-4A2A-A242-ECF6C744BB3E}.Release|Any CPU.ActiveCfg = Release|Any CPU
		{0060423A-D13A-4A2A-A242-ECF6C744BB3E}.Release|Any CPU.Build.0 = Release|Any CPU
		{69541CC6-39AD-47D2-80CC-38A4E9EBD624}.Debug|Any CPU.ActiveCfg = Debug|Any CPU
		{69541CC6-39AD-47D2-80CC-38A4E9EBD624}.Debug|Any CPU.Build.0 = Debug|Any CPU
		{69541CC6-39AD-47D2-80CC-38A4E9EBD624}.Release|Any CPU.ActiveCfg = Release|Any CPU
		{69541CC6-39AD-47D2-80CC-38A4E9EBD624}.Release|Any CPU.Build.0 = Release|Any CPU
		{0C453E46-A6F4-4331-A11D-A37B91E7C001}.Debug|Any CPU.ActiveCfg = Debug|Any CPU
		{0C453E46-A6F4-4331-A11D-A37B91E7C001}.Debug|Any CPU.Build.0 = Debug|Any CPU
		{0C453E46-A6F4-4331-A11D-A37B91E7C001}.Release|Any CPU.ActiveCfg = Release|Any CPU
		{0C453E46-A6F4-4331-A11D-A37B91E7C001}.Release|Any CPU.Build.0 = Release|Any CPU
		{D45BF8FB-C58B-4279-B3EE-29861E8F0DEF}.Debug|Any CPU.ActiveCfg = Debug|Any CPU
		{D45BF8FB-C58B-4279-B3EE-29861E8F0DEF}.Debug|Any CPU.Build.0 = Debug|Any CPU
		{D45BF8FB-C58B-4279-B3EE-29861E8F0DEF}.Release|Any CPU.ActiveCfg = Release|Any CPU
		{D45BF8FB-C58B-4279-B3EE-29861E8F0DEF}.Release|Any CPU.Build.0 = Release|Any CPU
	EndGlobalSection
	GlobalSection(SolutionProperties) = preSolution
		HideSolutionNode = FALSE
	EndGlobalSection
EndGlobal
