
Microsoft Visual Studio Solution File, Format Version 11.00
# Visual Studio 2010
Project("{FAE04EC0-301F-11D3-BF4B-00C04F79EFBC}") = "WebService", "00_WebService\WebService.csproj", "{0060423A-D13A-4A2A-A242-ECF6C744BB3E}"
EndProject
Project("{FAE04EC0-301F-11D3-BF4B-00C04F79EFBC}") = "Business", "10_Business\Business.csproj", "{69541CC6-39AD-47D2-80CC-38A4E9EBD624}"
EndProject
Project("{FAE04EC0-301F-11D3-BF4B-00C04F79EFBC}") = "Model", "30_Model\Model.csproj", "{D45BF8FB-C58B-4279-B3EE-29861E8F0DEF}"
EndProject
Project("{FAE04EC0-301F-11D3-BF4B-00C04F79EFBC}") = "UnitTest", "UnitTest\UnitTest.csproj", "{870D50B9-BE33-4350-8436-41E354CAD7C8}"
	ProjectSection(ProjectDependencies) = postProject
		{0060423A-D13A-4A2A-A242-ECF6C744BB3E} = {0060423A-D13A-4A2A-A242-ECF6C744BB3E}
	EndProjectSection
EndProject
Project("{2150E333-8FDC-42A3-9474-1A3956D46DE8}") = "Solution Items", "Solution Items", "{41F21E48-D8B4-45A7-B462-F4ED89B4A389}"
	ProjectSection(SolutionItems) = preProject
		28HelpmateWebService.vsmdi = 28HelpmateWebService.vsmdi
		Local.testsettings = Local.testsettings
		TraceAndTestImpact.testsettings = TraceAndTestImpact.testsettings
	EndProjectSection
EndProject
Project("{FAE04EC0-301F-11D3-BF4B-00C04F79EFBC}") = "28Helpmate.OpenAPI", "28Helpmate.OpenAPI\28Helpmate.OpenAPI.csproj", "{78FE8C28-507C-48D9-B780-B2CB0F9CA0DD}"
EndProject
Project("{FAE04EC0-301F-11D3-BF4B-00C04F79EFBC}") = "28Helpmate.WebSocketServer", "28Helpmate.WebSocketServer\28Helpmate.WebSocketServer.csproj", "{DB1AF97E-4D3D-47DA-B59E-BF0ECE02CB23}"
EndProject
Project("{FAE04EC0-301F-11D3-BF4B-00C04F79EFBC}") = "28Helpmate.NodeWebkitClient", "28Helpmate.NodeWebkitClient\28Helpmate.NodeWebkitClient.csproj", "{A5D1C95A-EB9F-4E03-B26A-6629AC3B4D0E}"
EndProject
Project("{FAE04EC0-301F-11D3-BF4B-00C04F79EFBC}") = "WebSocket", "..\..\..\..\PublicTools\SupperWebSocket\demos\SupperWebSocket.sl\WebSocket\WebSocket.csproj", "{AAF1AD32-D132-46EF-A190-0B4EFD3678C1}"
EndProject
Project("{FAE04EC0-301F-11D3-BF4B-00C04F79EFBC}") = "28Helpmate.DataEntity", "28Helpmate.DataEntity\28Helpmate.DataEntity.csproj", "{B9099DDE-126B-4A14-9FEA-E9E5744826CF}"
EndProject
Project("{FAE04EC0-301F-11D3-BF4B-00C04F79EFBC}") = "28Helpmate.DataAccess", "28Helpmate.DataAccess\28Helpmate.DataAccess.csproj", "{34BD2B58-76B9-4434-A637-55E29F784C7C}"
EndProject
Project("{FAE04EC0-301F-11D3-BF4B-00C04F79EFBC}") = "28Helpmate.Logic", "28Helpmate.Logic\28Helpmate.Logic.csproj", "{F1180069-5DC0-4D29-9B86-9A46D78D65BD}"
EndProject
Global
	GlobalSection(TestCaseManagementSettings) = postSolution
		CategoryFile = 28HelpmateWebService.vsmdi
	EndGlobalSection
	GlobalSection(SolutionConfigurationPlatforms) = preSolution
		Debug|Any CPU = Debug|Any CPU
		Release|Any CPU = Release|Any CPU
	EndGlobalSection
	GlobalSection(ProjectConfigurationPlatforms) = postSolution
		{0060423A-D13A-4A2A-A242-ECF6C744BB3E}.Debug|Any CPU.ActiveCfg = Debug|Any CPU
		{0060423A-D13A-4A2A-A242-ECF6C744BB3E}.Debug|Any CPU.Build.0 = Debug|Any CPU
		{0060423A-D13A-4A2A-A242-ECF6C744BB3E}.Release|Any CPU.ActiveCfg = Release|Any CPU
		{0060423A-D13A-4A2A-A242-ECF6C744BB3E}.Release|Any CPU.Build.0 = Release|Any CPU
		{69541CC6-39AD-47D2-80CC-38A4E9EBD624}.Debug|Any CPU.ActiveCfg = Debug|Any CPU
		{69541CC6-39AD-47D2-80CC-38A4E9EBD624}.Debug|Any CPU.Build.0 = Debug|Any CPU
		{69541CC6-39AD-47D2-80CC-38A4E9EBD624}.Release|Any CPU.ActiveCfg = Release|Any CPU
		{69541CC6-39AD-47D2-80CC-38A4E9EBD624}.Release|Any CPU.Build.0 = Release|Any CPU
		{D45BF8FB-C58B-4279-B3EE-29861E8F0DEF}.Debug|Any CPU.ActiveCfg = Debug|Any CPU
		{D45BF8FB-C58B-4279-B3EE-29861E8F0DEF}.Debug|Any CPU.Build.0 = Debug|Any CPU
		{D45BF8FB-C58B-4279-B3EE-29861E8F0DEF}.Release|Any CPU.ActiveCfg = Release|Any CPU
		{D45BF8FB-C58B-4279-B3EE-29861E8F0DEF}.Release|Any CPU.Build.0 = Release|Any CPU
		{870D50B9-BE33-4350-8436-41E354CAD7C8}.Debug|Any CPU.ActiveCfg = Debug|Any CPU
		{870D50B9-BE33-4350-8436-41E354CAD7C8}.Debug|Any CPU.Build.0 = Debug|Any CPU
		{870D50B9-BE33-4350-8436-41E354CAD7C8}.Release|Any CPU.ActiveCfg = Release|Any CPU
		{870D50B9-BE33-4350-8436-41E354CAD7C8}.Release|Any CPU.Build.0 = Release|Any CPU
		{78FE8C28-507C-48D9-B780-B2CB0F9CA0DD}.Debug|Any CPU.ActiveCfg = Debug|Any CPU
		{78FE8C28-507C-48D9-B780-B2CB0F9CA0DD}.Debug|Any CPU.Build.0 = Debug|Any CPU
		{78FE8C28-507C-48D9-B780-B2CB0F9CA0DD}.Release|Any CPU.ActiveCfg = Release|Any CPU
		{78FE8C28-507C-48D9-B780-B2CB0F9CA0DD}.Release|Any CPU.Build.0 = Release|Any CPU
		{DB1AF97E-4D3D-47DA-B59E-BF0ECE02CB23}.Debug|Any CPU.ActiveCfg = Debug|Any CPU
		{DB1AF97E-4D3D-47DA-B59E-BF0ECE02CB23}.Debug|Any CPU.Build.0 = Debug|Any CPU
		{DB1AF97E-4D3D-47DA-B59E-BF0ECE02CB23}.Release|Any CPU.ActiveCfg = Release|Any CPU
		{DB1AF97E-4D3D-47DA-B59E-BF0ECE02CB23}.Release|Any CPU.Build.0 = Release|Any CPU
		{A5D1C95A-EB9F-4E03-B26A-6629AC3B4D0E}.Debug|Any CPU.ActiveCfg = Debug|Any CPU
		{A5D1C95A-EB9F-4E03-B26A-6629AC3B4D0E}.Debug|Any CPU.Build.0 = Debug|Any CPU
		{A5D1C95A-EB9F-4E03-B26A-6629AC3B4D0E}.Release|Any CPU.ActiveCfg = Release|Any CPU
		{A5D1C95A-EB9F-4E03-B26A-6629AC3B4D0E}.Release|Any CPU.Build.0 = Release|Any CPU
		{AAF1AD32-D132-46EF-A190-0B4EFD3678C1}.Debug|Any CPU.ActiveCfg = Debug|Any CPU
		{AAF1AD32-D132-46EF-A190-0B4EFD3678C1}.Debug|Any CPU.Build.0 = Debug|Any CPU
		{AAF1AD32-D132-46EF-A190-0B4EFD3678C1}.Release|Any CPU.ActiveCfg = Release|Any CPU
		{AAF1AD32-D132-46EF-A190-0B4EFD3678C1}.Release|Any CPU.Build.0 = Release|Any CPU
		{B9099DDE-126B-4A14-9FEA-E9E5744826CF}.Debug|Any CPU.ActiveCfg = Debug|Any CPU
		{B9099DDE-126B-4A14-9FEA-E9E5744826CF}.Debug|Any CPU.Build.0 = Debug|Any CPU
		{B9099DDE-126B-4A14-9FEA-E9E5744826CF}.Release|Any CPU.ActiveCfg = Release|Any CPU
		{B9099DDE-126B-4A14-9FEA-E9E5744826CF}.Release|Any CPU.Build.0 = Release|Any CPU
		{34BD2B58-76B9-4434-A637-55E29F784C7C}.Debug|Any CPU.ActiveCfg = Debug|Any CPU
		{34BD2B58-76B9-4434-A637-55E29F784C7C}.Debug|Any CPU.Build.0 = Debug|Any CPU
		{34BD2B58-76B9-4434-A637-55E29F784C7C}.Release|Any CPU.ActiveCfg = Release|Any CPU
		{34BD2B58-76B9-4434-A637-55E29F784C7C}.Release|Any CPU.Build.0 = Release|Any CPU
		{F1180069-5DC0-4D29-9B86-9A46D78D65BD}.Debug|Any CPU.ActiveCfg = Debug|Any CPU
		{F1180069-5DC0-4D29-9B86-9A46D78D65BD}.Debug|Any CPU.Build.0 = Debug|Any CPU
		{F1180069-5DC0-4D29-9B86-9A46D78D65BD}.Release|Any CPU.ActiveCfg = Release|Any CPU
		{F1180069-5DC0-4D29-9B86-9A46D78D65BD}.Release|Any CPU.Build.0 = Release|Any CPU
	EndGlobalSection
	GlobalSection(SolutionProperties) = preSolution
		HideSolutionNode = FALSE
	EndGlobalSection
EndGlobal
