
Microsoft Visual Studio Solution File, Format Version 11.00
# Visual Studio 2010
Project("{2150E333-8FDC-42A3-9474-1A3956D46DE8}") = "00_CommonLib", "00_CommonLib", "{1B160A6F-E80F-4785-98AF-115A50FD1146}"
EndProject
Project("{2150E333-8FDC-42A3-9474-1A3956D46DE8}") = "01_Facades", "01_Facades", "{453B3D06-49C0-4079-8290-1F46EF1E655C}"
EndProject
Project("{2150E333-8FDC-42A3-9474-1A3956D46DE8}") = "ReferenceLib", "ReferenceLib", "{1810511B-2231-4D83-9CB5-52635A0F0874}"
	ProjectSection(SolutionItems) = preProject
		ReferenceLib\BHCentral.Job.Service.dll = ReferenceLib\BHCentral.Job.Service.dll
		ReferenceLib\CMS.Service.DataContracts.dll = ReferenceLib\CMS.Service.DataContracts.dll
		ReferenceLib\KTDictSeg\DictSeg.dll = ReferenceLib\KTDictSeg\DictSeg.dll
		ReferenceLib\KTDictSeg\FTAlgorithm.dll = ReferenceLib\KTDictSeg\FTAlgorithm.dll
		ReferenceLib\Newegg.Framework.Common.dll = ReferenceLib\Newegg.Framework.Common.dll
		ReferenceLib\org.in2bits.MyXls.dll = ReferenceLib\org.in2bits.MyXls.dll
		ReferenceLib\org.in2bits.MyXls.xml = ReferenceLib\org.in2bits.MyXls.xml
		ReferenceLib\PostSharp.dll = ReferenceLib\PostSharp.dll
		ReferenceLib\PostSharp.Laos.dll = ReferenceLib\PostSharp.Laos.dll
	EndProjectSection
EndProject
Project("{FAE04EC0-301F-11D3-BF4B-00C04F79EFBC}") = "Common.Utility", "00_CommonLib\Common.Utility\Common.Utility.csproj", "{72E39F75-9206-4980-B215-5D183CF079CD}"
EndProject
Project("{FAE04EC0-301F-11D3-BF4B-00C04F79EFBC}") = "Common.Utility.DataAccess", "00_CommonLib\Common.Utility.DataAccess\Common.Utility.DataAccess.csproj", "{D1FD38DA-E5FE-4064-806C-4C1E471DFE8D}"
EndProject
Project("{FAE04EC0-301F-11D3-BF4B-00C04F79EFBC}") = "Helpmate.AppService", "01_Facades\Helpmate.AppService\Helpmate.AppService.csproj", "{F5C90E57-DA1F-425F-AF61-30C7C550953A}"
EndProject
Project("{FAE04EC0-301F-11D3-BF4B-00C04F79EFBC}") = "Helpmate.BizProcess", "01_Facades\Helpmate.BizProcess\Helpmate.BizProcess.csproj", "{8967EBCA-8F6F-45C4-ACF7-02120539B6F2}"
EndProject
Project("{FAE04EC0-301F-11D3-BF4B-00C04F79EFBC}") = "Helpmate.IDataAccess", "01_Facades\Helpmate.IDataAccess\Helpmate.IDataAccess.csproj", "{9287AE34-4A69-4B74-ABA1-262489EE1EAC}"
EndProject
Project("{FAE04EC0-301F-11D3-BF4B-00C04F79EFBC}") = "Helpmate.SqlIDataAccess", "01_Facades\Helpmate.SqlIDataAccess\Helpmate.SqlIDataAccess.csproj", "{94BBE2A2-C220-4EB3-88B4-ADBE9020E908}"
EndProject
Project("{FAE04EC0-301F-11D3-BF4B-00C04F79EFBC}") = "Helpmate.Service.WebHost", "WebHost\Helpmate.Service.WebHost.csproj", "{D33198CE-015D-431E-AD41-98EE3D0E263C}"
EndProject
Project("{FAE04EC0-301F-11D3-BF4B-00C04F79EFBC}") = "Helpmate.BizEntity", "BizEntity\Helpmate.BizEntity.csproj", "{02C9A8D4-26A8-4246-B1DD-46B4EFAFDE3C}"
EndProject
Project("{FAE04EC0-301F-11D3-BF4B-00C04F79EFBC}") = "Helpmate.BizEntity.Enum", "BizEntity.Enum\Helpmate.BizEntity.Enum.csproj", "{8F0A8E2B-E3C3-4C76-AB81-19BF3CD85C57}"
EndProject
Project("{FAE04EC0-301F-11D3-BF4B-00C04F79EFBC}") = "Helpmate.QueryFilter", "QueryFilter\Helpmate.QueryFilter.csproj", "{08693DFC-D592-4E72-A64B-E8A8566367C8}"
EndProject
Project("{FAE04EC0-301F-11D3-BF4B-00C04F79EFBC}") = "Common.Service.Utility.WCF", "00_CommonLib\Common.Utility.WCF\Common.Service.Utility.WCF.csproj", "{8461C87D-FDD1-422E-B24B-2074D8FE6DED}"
EndProject
Global
	GlobalSection(SolutionConfigurationPlatforms) = preSolution
		Debug|Any CPU = Debug|Any CPU
		Release|Any CPU = Release|Any CPU
	EndGlobalSection
	GlobalSection(ProjectConfigurationPlatforms) = postSolution
		{72E39F75-9206-4980-B215-5D183CF079CD}.Debug|Any CPU.ActiveCfg = Debug|Any CPU
		{72E39F75-9206-4980-B215-5D183CF079CD}.Debug|Any CPU.Build.0 = Debug|Any CPU
		{72E39F75-9206-4980-B215-5D183CF079CD}.Release|Any CPU.ActiveCfg = Release|Any CPU
		{72E39F75-9206-4980-B215-5D183CF079CD}.Release|Any CPU.Build.0 = Release|Any CPU
		{D1FD38DA-E5FE-4064-806C-4C1E471DFE8D}.Debug|Any CPU.ActiveCfg = Debug|Any CPU
		{D1FD38DA-E5FE-4064-806C-4C1E471DFE8D}.Debug|Any CPU.Build.0 = Debug|Any CPU
		{D1FD38DA-E5FE-4064-806C-4C1E471DFE8D}.Release|Any CPU.ActiveCfg = Release|Any CPU
		{D1FD38DA-E5FE-4064-806C-4C1E471DFE8D}.Release|Any CPU.Build.0 = Release|Any CPU
		{F5C90E57-DA1F-425F-AF61-30C7C550953A}.Debug|Any CPU.ActiveCfg = Debug|Any CPU
		{F5C90E57-DA1F-425F-AF61-30C7C550953A}.Debug|Any CPU.Build.0 = Debug|Any CPU
		{F5C90E57-DA1F-425F-AF61-30C7C550953A}.Release|Any CPU.ActiveCfg = Release|Any CPU
		{F5C90E57-DA1F-425F-AF61-30C7C550953A}.Release|Any CPU.Build.0 = Release|Any CPU
		{8967EBCA-8F6F-45C4-ACF7-02120539B6F2}.Debug|Any CPU.ActiveCfg = Debug|Any CPU
		{8967EBCA-8F6F-45C4-ACF7-02120539B6F2}.Debug|Any CPU.Build.0 = Debug|Any CPU
		{8967EBCA-8F6F-45C4-ACF7-02120539B6F2}.Release|Any CPU.ActiveCfg = Release|Any CPU
		{8967EBCA-8F6F-45C4-ACF7-02120539B6F2}.Release|Any CPU.Build.0 = Release|Any CPU
		{9287AE34-4A69-4B74-ABA1-262489EE1EAC}.Debug|Any CPU.ActiveCfg = Debug|Any CPU
		{9287AE34-4A69-4B74-ABA1-262489EE1EAC}.Debug|Any CPU.Build.0 = Debug|Any CPU
		{9287AE34-4A69-4B74-ABA1-262489EE1EAC}.Release|Any CPU.ActiveCfg = Release|Any CPU
		{9287AE34-4A69-4B74-ABA1-262489EE1EAC}.Release|Any CPU.Build.0 = Release|Any CPU
		{94BBE2A2-C220-4EB3-88B4-ADBE9020E908}.Debug|Any CPU.ActiveCfg = Debug|Any CPU
		{94BBE2A2-C220-4EB3-88B4-ADBE9020E908}.Debug|Any CPU.Build.0 = Debug|Any CPU
		{94BBE2A2-C220-4EB3-88B4-ADBE9020E908}.Release|Any CPU.ActiveCfg = Release|Any CPU
		{94BBE2A2-C220-4EB3-88B4-ADBE9020E908}.Release|Any CPU.Build.0 = Release|Any CPU
		{D33198CE-015D-431E-AD41-98EE3D0E263C}.Debug|Any CPU.ActiveCfg = Debug|Any CPU
		{D33198CE-015D-431E-AD41-98EE3D0E263C}.Debug|Any CPU.Build.0 = Debug|Any CPU
		{D33198CE-015D-431E-AD41-98EE3D0E263C}.Release|Any CPU.ActiveCfg = Release|Any CPU
		{D33198CE-015D-431E-AD41-98EE3D0E263C}.Release|Any CPU.Build.0 = Release|Any CPU
		{02C9A8D4-26A8-4246-B1DD-46B4EFAFDE3C}.Debug|Any CPU.ActiveCfg = Debug|Any CPU
		{02C9A8D4-26A8-4246-B1DD-46B4EFAFDE3C}.Debug|Any CPU.Build.0 = Debug|Any CPU
		{02C9A8D4-26A8-4246-B1DD-46B4EFAFDE3C}.Release|Any CPU.ActiveCfg = Release|Any CPU
		{02C9A8D4-26A8-4246-B1DD-46B4EFAFDE3C}.Release|Any CPU.Build.0 = Release|Any CPU
		{8F0A8E2B-E3C3-4C76-AB81-19BF3CD85C57}.Debug|Any CPU.ActiveCfg = Debug|Any CPU
		{8F0A8E2B-E3C3-4C76-AB81-19BF3CD85C57}.Debug|Any CPU.Build.0 = Debug|Any CPU
		{8F0A8E2B-E3C3-4C76-AB81-19BF3CD85C57}.Release|Any CPU.ActiveCfg = Release|Any CPU
		{8F0A8E2B-E3C3-4C76-AB81-19BF3CD85C57}.Release|Any CPU.Build.0 = Release|Any CPU
		{08693DFC-D592-4E72-A64B-E8A8566367C8}.Debug|Any CPU.ActiveCfg = Debug|Any CPU
		{08693DFC-D592-4E72-A64B-E8A8566367C8}.Debug|Any CPU.Build.0 = Debug|Any CPU
		{08693DFC-D592-4E72-A64B-E8A8566367C8}.Release|Any CPU.ActiveCfg = Release|Any CPU
		{08693DFC-D592-4E72-A64B-E8A8566367C8}.Release|Any CPU.Build.0 = Release|Any CPU
		{8461C87D-FDD1-422E-B24B-2074D8FE6DED}.Debug|Any CPU.ActiveCfg = Debug|Any CPU
		{8461C87D-FDD1-422E-B24B-2074D8FE6DED}.Debug|Any CPU.Build.0 = Debug|Any CPU
		{8461C87D-FDD1-422E-B24B-2074D8FE6DED}.Release|Any CPU.ActiveCfg = Release|Any CPU
		{8461C87D-FDD1-422E-B24B-2074D8FE6DED}.Release|Any CPU.Build.0 = Release|Any CPU
	EndGlobalSection
	GlobalSection(SolutionProperties) = preSolution
		HideSolutionNode = FALSE
	EndGlobalSection
	GlobalSection(NestedProjects) = preSolution
		{72E39F75-9206-4980-B215-5D183CF079CD} = {1B160A6F-E80F-4785-98AF-115A50FD1146}
		{D1FD38DA-E5FE-4064-806C-4C1E471DFE8D} = {1B160A6F-E80F-4785-98AF-115A50FD1146}
		{8461C87D-FDD1-422E-B24B-2074D8FE6DED} = {1B160A6F-E80F-4785-98AF-115A50FD1146}
		{F5C90E57-DA1F-425F-AF61-30C7C550953A} = {453B3D06-49C0-4079-8290-1F46EF1E655C}
		{8967EBCA-8F6F-45C4-ACF7-02120539B6F2} = {453B3D06-49C0-4079-8290-1F46EF1E655C}
		{9287AE34-4A69-4B74-ABA1-262489EE1EAC} = {453B3D06-49C0-4079-8290-1F46EF1E655C}
		{94BBE2A2-C220-4EB3-88B4-ADBE9020E908} = {453B3D06-49C0-4079-8290-1F46EF1E655C}
	EndGlobalSection
EndGlobal
